# THIS IS AN AUTOGENERATED FILE. DO NOT EDIT THIS FILE DIRECTLY.
# yarn lockfile v1


ip2d@^1.0.5:
  version "1.0.5"
  resolved "https://registry.yarnpkg.com/ip2d/-/ip2d-1.0.5.tgz#17cee77deb11b4265e62b0538628709368a1812d"
  integrity sha512-QCHSqokU4d47ITGbFst5zKXnYMeGzNRlE/G1DfqboEiqlx+DLk9Mf5f5pF41cz1Zo0Esog89IJ1GcWAIhTJUlw==
